// !$*UTF8*$!
{
	archiveVersion = 1;
	classes = {
	};
	objectVersion = 52;
	objects = {

/* Begin PBXBuildFile section */
		337A107A24CAC97900362CBE /* AppDelegate.swift in Sources */ = {isa = PBXBuildFile; fileRef = 337A107924CAC97900362CBE /* AppDelegate.swift */; };
		337A107E24CAC97A00362CBE /* Assets.xcassets in Resources */ = {isa = PBXBuildFile; fileRef = 337A107D24CAC97A00362CBE /* Assets.xcassets */; };
		337A108124CAC97A00362CBE /* Preview Assets.xcassets in Resources */ = {isa = PBXBuildFile; fileRef = 337A108024CAC97A00362CBE /* Preview Assets.xcassets */; };
		337A108424CAC97A00362CBE /* LaunchScreen.storyboard in Resources */ = {isa = PBXBuildFile; fileRef = 337A108224CAC97A00362CBE /* LaunchScreen.storyboard */; };
		337A109024CAC99E00362CBE /* AppDelegate.swift in Sources */ = {isa = PBXBuildFile; fileRef = 337A108F24CAC99E00362CBE /* AppDelegate.swift */; };
		337A109224CAC99E00362CBE /* SceneDelegate.swift in Sources */ = {isa = PBXBuildFile; fileRef = 337A109124CAC99E00362CBE /* SceneDelegate.swift */; };
		337A109624CAC99F00362CBE /* Assets.xcassets in Resources */ = {isa = PBXBuildFile; fileRef = 337A109524CAC99F00362CBE /* Assets.xcassets */; };
		337A109924CAC99F00362CBE /* Preview Assets.xcassets in Resources */ = {isa = PBXBuildFile; fileRef = 337A109824CAC99F00362CBE /* Preview Assets.xcassets */; };
		337A109C24CAC99F00362CBE /* LaunchScreen.storyboard in Resources */ = {isa = PBXBuildFile; fileRef = 337A109A24CAC99F00362CBE /* LaunchScreen.storyboard */; };
		337A10A324CACABA00362CBE /* BasicExamples.swift in Sources */ = {isa = PBXBuildFile; fileRef = 337A104E24CAC41A00362CBE /* BasicExamples.swift */; };
		337A10A424CACABA00362CBE /* AdvancedExamples.swift in Sources */ = {isa = PBXBuildFile; fileRef = 337A104D24CAC41900362CBE /* AdvancedExamples.swift */; };
		337A10A524CACABA00362CBE /* ContentView.swift in Sources */ = {isa = PBXBuildFile; fileRef = 337A103A24CAC3D200362CBE /* ContentView.swift */; };
		337A10A624CACABB00362CBE /* BasicExamples.swift in Sources */ = {isa = PBXBuildFile; fileRef = 337A104E24CAC41A00362CBE /* BasicExamples.swift */; };
		337A10A724CACABB00362CBE /* AdvancedExamples.swift in Sources */ = {isa = PBXBuildFile; fileRef = 337A104D24CAC41900362CBE /* AdvancedExamples.swift */; };
		337A10A824CACABB00362CBE /* ContentView.swift in Sources */ = {isa = PBXBuildFile; fileRef = 337A103A24CAC3D200362CBE /* ContentView.swift */; };
		337A10AA24CACACF00362CBE /* ToastUI in Frameworks */ = {isa = PBXBuildFile; productRef = 337A10A924CACACF00362CBE /* ToastUI */; };
		337A10AC24CACAD800362CBE /* ToastUI in Frameworks */ = {isa = PBXBuildFile; productRef = 337A10AB24CACAD800362CBE /* ToastUI */; };
/* End PBXBuildFile section */

/* Begin PBXFileReference section */
		337A103A24CAC3D200362CBE /* ContentView.swift */ = {isa = PBXFileReference; lastKnownFileType = sourcecode.swift; path = ContentView.swift; sourceTree = "<group>"; };
		337A104D24CAC41900362CBE /* AdvancedExamples.swift */ = {isa = PBXFileReference; fileEncoding = 4; lastKnownFileType = sourcecode.swift; path = AdvancedExamples.swift; sourceTree = "<group>"; };
		337A104E24CAC41A00362CBE /* BasicExamples.swift */ = {isa = PBXFileReference; fileEncoding = 4; lastKnownFileType = sourcecode.swift; path = BasicExamples.swift; sourceTree = "<group>"; };
		337A107724CAC97900362CBE /* ToastUISample-tvOS.app */ = {isa = PBXFileReference; explicitFileType = wrapper.application; includeInIndex = 0; path = "ToastUISample-tvOS.app"; sourceTree = BUILT_PRODUCTS_DIR; };
		337A107924CAC97900362CBE /* AppDelegate.swift */ = {isa = PBXFileReference; lastKnownFileType = sourcecode.swift; path = AppDelegate.swift; sourceTree = "<group>"; };
		337A107D24CAC97A00362CBE /* Assets.xcassets */ = {isa = PBXFileReference; lastKnownFileType = folder.assetcatalog; path = Assets.xcassets; sourceTree = "<group>"; };
		337A108024CAC97A00362CBE /* Preview Assets.xcassets */ = {isa = PBXFileReference; lastKnownFileType = folder.assetcatalog; path = "Preview Assets.xcassets"; sourceTree = "<group>"; };
		337A108324CAC97A00362CBE /* Base */ = {isa = PBXFileReference; lastKnownFileType = file.storyboard; name = Base; path = Base.lproj/LaunchScreen.storyboard; sourceTree = "<group>"; };
		337A108524CAC97A00362CBE /* Info.plist */ = {isa = PBXFileReference; lastKnownFileType = text.plist.xml; path = Info.plist; sourceTree = "<group>"; };
		337A108D24CAC99E00362CBE /* ToastUISample-iOS.app */ = {isa = PBXFileReference; explicitFileType = wrapper.application; includeInIndex = 0; path = "ToastUISample-iOS.app"; sourceTree = BUILT_PRODUCTS_DIR; };
		337A108F24CAC99E00362CBE /* AppDelegate.swift */ = {isa = PBXFileReference; lastKnownFileType = sourcecode.swift; path = AppDelegate.swift; sourceTree = "<group>"; };
		337A109124CAC99E00362CBE /* SceneDelegate.swift */ = {isa = PBXFileReference; lastKnownFileType = sourcecode.swift; path = SceneDelegate.swift; sourceTree = "<group>"; };
		337A109524CAC99F00362CBE /* Assets.xcassets */ = {isa = PBXFileReference; lastKnownFileType = folder.assetcatalog; path = Assets.xcassets; sourceTree = "<group>"; };
		337A109824CAC99F00362CBE /* Preview Assets.xcassets */ = {isa = PBXFileReference; lastKnownFileType = folder.assetcatalog; path = "Preview Assets.xcassets"; sourceTree = "<group>"; };
		337A109B24CAC99F00362CBE /* Base */ = {isa = PBXFileReference; lastKnownFileType = file.storyboard; name = Base; path = Base.lproj/LaunchScreen.storyboard; sourceTree = "<group>"; };
		337A109D24CAC99F00362CBE /* Info.plist */ = {isa = PBXFileReference; lastKnownFileType = text.plist.xml; path = Info.plist; sourceTree = "<group>"; };
		337A10A224CAC9E900362CBE /* ToastUISample-iOS.entitlements */ = {isa = PBXFileReference; lastKnownFileType = text.plist.entitlements; path = "ToastUISample-iOS.entitlements"; sourceTree = "<group>"; };
		339C080524D69340004F4EF5 /* ToastUI */ = {isa = PBXFileReference; lastKnownFileType = folder; name = ToastUI; path = ..; sourceTree = "<group>"; };
/* End PBXFileReference section */

/* Begin PBXFrameworksBuildPhase section */
		337A107424CAC97900362CBE /* Frameworks */ = {
			isa = PBXFrameworksBuildPhase;
			buildActionMask = 2147483647;
			files = (
				337A10AA24CACACF00362CBE /* ToastUI in Frameworks */,
			);
			runOnlyForDeploymentPostprocessing = 0;
		};
		337A108A24CAC99E00362CBE /* Frameworks */ = {
			isa = PBXFrameworksBuildPhase;
			buildActionMask = 2147483647;
			files = (
				337A10AC24CACAD800362CBE /* ToastUI in Frameworks */,
			);
			runOnlyForDeploymentPostprocessing = 0;
		};
/* End PBXFrameworksBuildPhase section */

/* Begin PBXGroup section */
		337A102A24CAC3D200362CBE = {
			isa = PBXGroup;
			children = (
				339C080524D69340004F4EF5 /* ToastUI */,
				337A10A124CAC9BA00362CBE /* Shared */,
				337A108E24CAC99E00362CBE /* ToastUISample-iOS */,
				337A107824CAC97900362CBE /* ToastUISample-tvOS */,
				337A103424CAC3D200362CBE /* Products */,
				337A105124CAC47F00362CBE /* Frameworks */,
			);
			sourceTree = "<group>";
		};
		337A103424CAC3D200362CBE /* Products */ = {
			isa = PBXGroup;
			children = (
				337A107724CAC97900362CBE /* ToastUISample-tvOS.app */,
				337A108D24CAC99E00362CBE /* ToastUISample-iOS.app */,
			);
			name = Products;
			sourceTree = "<group>";
		};
		337A105124CAC47F00362CBE /* Frameworks */ = {
			isa = PBXGroup;
			children = (
			);
			name = Frameworks;
			sourceTree = "<group>";
		};
		337A107824CAC97900362CBE /* ToastUISample-tvOS */ = {
			isa = PBXGroup;
			children = (
				337A107924CAC97900362CBE /* AppDelegate.swift */,
				337A107D24CAC97A00362CBE /* Assets.xcassets */,
				337A108224CAC97A00362CBE /* LaunchScreen.storyboard */,
				337A108524CAC97A00362CBE /* Info.plist */,
				337A107F24CAC97A00362CBE /* Preview Content */,
			);
			path = "ToastUISample-tvOS";
			sourceTree = "<group>";
		};
		337A107F24CAC97A00362CBE /* Preview Content */ = {
			isa = PBXGroup;
			children = (
				337A108024CAC97A00362CBE /* Preview Assets.xcassets */,
			);
			path = "Preview Content";
			sourceTree = "<group>";
		};
		337A108E24CAC99E00362CBE /* ToastUISample-iOS */ = {
			isa = PBXGroup;
			children = (
				337A10A224CAC9E900362CBE /* ToastUISample-iOS.entitlements */,
				337A108F24CAC99E00362CBE /* AppDelegate.swift */,
				337A109124CAC99E00362CBE /* SceneDelegate.swift */,
				337A109524CAC99F00362CBE /* Assets.xcassets */,
				337A109A24CAC99F00362CBE /* LaunchScreen.storyboard */,
				337A109D24CAC99F00362CBE /* Info.plist */,
				337A109724CAC99F00362CBE /* Preview Content */,
			);
			path = "ToastUISample-iOS";
			sourceTree = "<group>";
		};
		337A109724CAC99F00362CBE /* Preview Content */ = {
			isa = PBXGroup;
			children = (
				337A109824CAC99F00362CBE /* Preview Assets.xcassets */,
			);
			path = "Preview Content";
			sourceTree = "<group>";
		};
		337A10A124CAC9BA00362CBE /* Shared */ = {
			isa = PBXGroup;
			children = (
				337A103A24CAC3D200362CBE /* ContentView.swift */,
				337A104E24CAC41A00362CBE /* BasicExamples.swift */,
				337A104D24CAC41900362CBE /* AdvancedExamples.swift */,
			);
			path = Shared;
			sourceTree = "<group>";
		};
/* End PBXGroup section */

/* Begin PBXNativeTarget section */
		337A107624CAC97900362CBE /* ToastUISample-tvOS */ = {
			isa = PBXNativeTarget;
			buildConfigurationList = 337A108624CAC97A00362CBE /* Build configuration list for PBXNativeTarget "ToastUISample-tvOS" */;
			buildPhases = (
				337A107324CAC97900362CBE /* Sources */,
				33167E43252BB9DA00F6DC1E /* SwiftLint */,
				337A107424CAC97900362CBE /* Frameworks */,
				337A107524CAC97900362CBE /* Resources */,
			);
			buildRules = (
			);
			dependencies = (
			);
			name = "ToastUISample-tvOS";
			packageProductDependencies = (
				337A10A924CACACF00362CBE /* ToastUI */,
			);
			productName = "ToastUISample-tvOS";
			productReference = 337A107724CAC97900362CBE /* ToastUISample-tvOS.app */;
			productType = "com.apple.product-type.application";
		};
		337A108C24CAC99E00362CBE /* ToastUISample-iOS */ = {
			isa = PBXNativeTarget;
			buildConfigurationList = 337A109E24CAC99F00362CBE /* Build configuration list for PBXNativeTarget "ToastUISample-iOS" */;
			buildPhases = (
				337A108924CAC99E00362CBE /* Sources */,
				3392DD0A2502F82F003C7183 /* SwiftLint */,
				337A108A24CAC99E00362CBE /* Frameworks */,
				337A108B24CAC99E00362CBE /* Resources */,
			);
			buildRules = (
			);
			dependencies = (
			);
			name = "ToastUISample-iOS";
			packageProductDependencies = (
				337A10AB24CACAD800362CBE /* ToastUI */,
			);
			productName = "ToastUISample-iOS";
			productReference = 337A108D24CAC99E00362CBE /* ToastUISample-iOS.app */;
			productType = "com.apple.product-type.application";
		};
/* End PBXNativeTarget section */

/* Begin PBXProject section */
		337A102B24CAC3D200362CBE /* Project object */ = {
			isa = PBXProject;
			attributes = {
				LastSwiftUpdateCheck = 1200;
				LastUpgradeCheck = 1200;
				TargetAttributes = {
					337A107624CAC97900362CBE = {
						CreatedOnToolsVersion = 12.0;
					};
					337A108C24CAC99E00362CBE = {
						CreatedOnToolsVersion = 12.0;
					};
				};
			};
			buildConfigurationList = 337A102E24CAC3D200362CBE /* Build configuration list for PBXProject "ToastUISample" */;
			compatibilityVersion = "Xcode 9.3";
			developmentRegion = en;
			hasScannedForEncodings = 0;
			knownRegions = (
				en,
				Base,
			);
			mainGroup = 337A102A24CAC3D200362CBE;
			productRefGroup = 337A103424CAC3D200362CBE /* Products */;
			projectDirPath = "";
			projectRoot = "";
			targets = (
				337A108C24CAC99E00362CBE /* ToastUISample-iOS */,
				337A107624CAC97900362CBE /* ToastUISample-tvOS */,
			);
		};
/* End PBXProject section */

/* Begin PBXResourcesBuildPhase section */
		337A107524CAC97900362CBE /* Resources */ = {
			isa = PBXResourcesBuildPhase;
			buildActionMask = 2147483647;
			files = (
				337A108424CAC97A00362CBE /* LaunchScreen.storyboard in Resources */,
				337A108124CAC97A00362CBE /* Preview Assets.xcassets in Resources */,
				337A107E24CAC97A00362CBE /* Assets.xcassets in Resources */,
			);
			runOnlyForDeploymentPostprocessing = 0;
		};
		337A108B24CAC99E00362CBE /* Resources */ = {
			isa = PBXResourcesBuildPhase;
			buildActionMask = 2147483647;
			files = (
				337A109C24CAC99F00362CBE /* LaunchScreen.storyboard in Resources */,
				337A109924CAC99F00362CBE /* Preview Assets.xcassets in Resources */,
				337A109624CAC99F00362CBE /* Assets.xcassets in Resources */,
			);
			runOnlyForDeploymentPostprocessing = 0;
		};
/* End PBXResourcesBuildPhase section */

/* Begin PBXShellScriptBuildPhase section */
		33167E43252BB9DA00F6DC1E /* SwiftLint */ = {
			isa = PBXShellScriptBuildPhase;
			buildActionMask = 2147483647;
			files = (
			);
			inputFileListPaths = (
			);
			inputPaths = (
			);
			name = SwiftLint;
			outputFileListPaths = (
			);
			outputPaths = (
			);
			runOnlyForDeploymentPostprocessing = 0;
			shellPath = /bin/sh;
			shellScript = "if which swiftlint >/dev/null; then\n  swiftlint\nelse\n  echo \"warning: SwiftLint not installed, download from https://github.com/realm/SwiftLint\"\nfi\n";
		};
		3392DD0A2502F82F003C7183 /* SwiftLint */ = {
			isa = PBXShellScriptBuildPhase;
			buildActionMask = 2147483647;
			files = (
			);
			inputFileListPaths = (
			);
			inputPaths = (
			);
			name = SwiftLint;
			outputFileListPaths = (
			);
			outputPaths = (
			);
			runOnlyForDeploymentPostprocessing = 0;
			shellPath = /bin/sh;
			shellScript = "if which swiftlint >/dev/null; then\n  swiftlint\nelse\n  echo \"warning: SwiftLint not installed, download from https://github.com/realm/SwiftLint\"\nfi\n";
		};
/* End PBXShellScriptBuildPhase section */

/* Begin PBXSourcesBuildPhase section */
		337A107324CAC97900362CBE /* Sources */ = {
			isa = PBXSourcesBuildPhase;
			buildActionMask = 2147483647;
			files = (
				337A107A24CAC97900362CBE /* AppDelegate.swift in Sources */,
				337A10A724CACABB00362CBE /* AdvancedExamples.swift in Sources */,
				337A10A824CACABB00362CBE /* ContentView.swift in Sources */,
				337A10A624CACABB00362CBE /* BasicExamples.swift in Sources */,
			);
			runOnlyForDeploymentPostprocessing = 0;
		};
		337A108924CAC99E00362CBE /* Sources */ = {
			isa = PBXSourcesBuildPhase;
			buildActionMask = 2147483647;
			files = (
				337A109024CAC99E00362CBE /* AppDelegate.swift in Sources */,
				337A10A524CACABA00362CBE /* ContentView.swift in Sources */,
				337A109224CAC99E00362CBE /* SceneDelegate.swift in Sources */,
				337A10A424CACABA00362CBE /* AdvancedExamples.swift in Sources */,
				337A10A324CACABA00362CBE /* BasicExamples.swift in Sources */,
			);
			runOnlyForDeploymentPostprocessing = 0;
		};
/* End PBXSourcesBuildPhase section */

/* Begin PBXVariantGroup section */
		337A108224CAC97A00362CBE /* LaunchScreen.storyboard */ = {
			isa = PBXVariantGroup;
			children = (
				337A108324CAC97A00362CBE /* Base */,
			);
			name = LaunchScreen.storyboard;
			sourceTree = "<group>";
		};
		337A109A24CAC99F00362CBE /* LaunchScreen.storyboard */ = {
			isa = PBXVariantGroup;
			children = (
				337A109B24CAC99F00362CBE /* Base */,
			);
			name = LaunchScreen.storyboard;
			sourceTree = "<group>";
		};
/* End PBXVariantGroup section */

/* Begin XCBuildConfiguration section */
		337A104524CAC3D200362CBE /* Debug */ = {
			isa = XCBuildConfiguration;
			buildSettings = {
				ALWAYS_SEARCH_USER_PATHS = NO;
				CLANG_ANALYZER_NONNULL = YES;
				CLANG_ANALYZER_NUMBER_OBJECT_CONVERSION = YES_AGGRESSIVE;
				CLANG_CXX_LANGUAGE_STANDARD = "gnu++14";
				CLANG_CXX_LIBRARY = "libc++";
				CLANG_ENABLE_MODULES = YES;
				CLANG_ENABLE_OBJC_ARC = YES;
				CLANG_ENABLE_OBJC_WEAK = YES;
				CLANG_WARN_BLOCK_CAPTURE_AUTORELEASING = YES;
				CLANG_WARN_BOOL_CONVERSION = YES;
				CLANG_WARN_COMMA = YES;
				CLANG_WARN_CONSTANT_CONVERSION = YES;
				CLANG_WARN_DEPRECATED_OBJC_IMPLEMENTATIONS = YES;
				CLANG_WARN_DIRECT_OBJC_ISA_USAGE = YES_ERROR;
				CLANG_WARN_DOCUMENTATION_COMMENTS = YES;
				CLANG_WARN_EMPTY_BODY = YES;
				CLANG_WARN_ENUM_CONVERSION = YES;
				CLANG_WARN_INFINITE_RECURSION = YES;
				CLANG_WARN_INT_CONVERSION = YES;
				CLANG_WARN_NON_LITERAL_NULL_CONVERSION = YES;
				CLANG_WARN_OBJC_IMPLICIT_RETAIN_SELF = YES;
				CLANG_WARN_OBJC_LITERAL_CONVERSION = YES;
				CLANG_WARN_OBJC_ROOT_CLASS = YES_ERROR;
				CLANG_WARN_QUOTED_INCLUDE_IN_FRAMEWORK_HEADER = YES;
				CLANG_WARN_RANGE_LOOP_ANALYSIS = YES;
				CLANG_WARN_STRICT_PROTOTYPES = YES;
				CLANG_WARN_SUSPICIOUS_MOVE = YES;
				CLANG_WARN_UNGUARDED_AVAILABILITY = YES_AGGRESSIVE;
				CLANG_WARN_UNREACHABLE_CODE = YES;
				CLANG_WARN__DUPLICATE_METHOD_MATCH = YES;
				COPY_PHASE_STRIP = NO;
				DEBUG_INFORMATION_FORMAT = dwarf;
				ENABLE_STRICT_OBJC_MSGSEND = YES;
				ENABLE_TESTABILITY = YES;
				GCC_C_LANGUAGE_STANDARD = gnu11;
				GCC_DYNAMIC_NO_PIC = NO;
				GCC_NO_COMMON_BLOCKS = YES;
				GCC_OPTIMIZATION_LEVEL = 0;
				GCC_PREPROCESSOR_DEFINITIONS = (
					"DEBUG=1",
					"$(inherited)",
				);
				GCC_WARN_64_TO_32_BIT_CONVERSION = YES;
				GCC_WARN_ABOUT_RETURN_TYPE = YES_ERROR;
				GCC_WARN_UNDECLARED_SELECTOR = YES;
				GCC_WARN_UNINITIALIZED_AUTOS = YES_AGGRESSIVE;
				GCC_WARN_UNUSED_FUNCTION = YES;
				GCC_WARN_UNUSED_VARIABLE = YES;
				IPHONEOS_DEPLOYMENT_TARGET = 13.0;
				MTL_ENABLE_DEBUG_INFO = INCLUDE_SOURCE;
				MTL_FAST_MATH = YES;
				ONLY_ACTIVE_ARCH = YES;
				SDKROOT = iphoneos;
				SWIFT_ACTIVE_COMPILATION_CONDITIONS = DEBUG;
				SWIFT_OPTIMIZATION_LEVEL = "-Onone";
			};
			name = Debug;
		};
		337A104624CAC3D200362CBE /* Release */ = {
			isa = XCBuildConfiguration;
			buildSettings = {
				ALWAYS_SEARCH_USER_PATHS = NO;
				CLANG_ANALYZER_NONNULL = YES;
				CLANG_ANALYZER_NUMBER_OBJECT_CONVERSION = YES_AGGRESSIVE;
				CLANG_CXX_LANGUAGE_STANDARD = "gnu++14";
				CLANG_CXX_LIBRARY = "libc++";
				CLANG_ENABLE_MODULES = YES;
				CLANG_ENABLE_OBJC_ARC = YES;
				CLANG_ENABLE_OBJC_WEAK = YES;
				CLANG_WARN_BLOCK_CAPTURE_AUTORELEASING = YES;
				CLANG_WARN_BOOL_CONVERSION = YES;
				CLANG_WARN_COMMA = YES;
				CLANG_WARN_CONSTANT_CONVERSION = YES;
				CLANG_WARN_DEPRECATED_OBJC_IMPLEMENTATIONS = YES;
				CLANG_WARN_DIRECT_OBJC_ISA_USAGE = YES_ERROR;
				CLANG_WARN_DOCUMENTATION_COMMENTS = YES;
				CLANG_WARN_EMPTY_BODY = YES;
				CLANG_WARN_ENUM_CONVERSION = YES;
				CLANG_WARN_INFINITE_RECURSION = YES;
				CLANG_WARN_INT_CONVERSION = YES;
				CLANG_WARN_NON_LITERAL_NULL_CONVERSION = YES;
				CLANG_WARN_OBJC_IMPLICIT_RETAIN_SELF = YES;
				CLANG_WARN_OBJC_LITERAL_CONVERSION = YES;
				CLANG_WARN_OBJC_ROOT_CLASS = YES_ERROR;
				CLANG_WARN_QUOTED_INCLUDE_IN_FRAMEWORK_HEADER = YES;
				CLANG_WARN_RANGE_LOOP_ANALYSIS = YES;
				CLANG_WARN_STRICT_PROTOTYPES = YES;
				CLANG_WARN_SUSPICIOUS_MOVE = YES;
				CLANG_WARN_UNGUARDED_AVAILABILITY = YES_AGGRESSIVE;
				CLANG_WARN_UNREACHABLE_CODE = YES;
				CLANG_WARN__DUPLICATE_METHOD_MATCH = YES;
				COPY_PHASE_STRIP = NO;
				DEBUG_INFORMATION_FORMAT = "dwarf-with-dsym";
				ENABLE_NS_ASSERTIONS = NO;
				ENABLE_STRICT_OBJC_MSGSEND = YES;
				GCC_C_LANGUAGE_STANDARD = gnu11;
				GCC_NO_COMMON_BLOCKS = YES;
				GCC_WARN_64_TO_32_BIT_CONVERSION = YES;
				GCC_WARN_ABOUT_RETURN_TYPE = YES_ERROR;
				GCC_WARN_UNDECLARED_SELECTOR = YES;
				GCC_WARN_UNINITIALIZED_AUTOS = YES_AGGRESSIVE;
				GCC_WARN_UNUSED_FUNCTION = YES;
				GCC_WARN_UNUSED_VARIABLE = YES;
				IPHONEOS_DEPLOYMENT_TARGET = 13.0;
				MTL_ENABLE_DEBUG_INFO = NO;
				MTL_FAST_MATH = YES;
				SDKROOT = iphoneos;
				SWIFT_COMPILATION_MODE = wholemodule;
				SWIFT_OPTIMIZATION_LEVEL = "-O";
				VALIDATE_PRODUCT = YES;
			};
			name = Release;
		};
		337A108724CAC97A00362CBE /* Debug */ = {
			isa = XCBuildConfiguration;
			buildSettings = {
				ASSETCATALOG_COMPILER_APPICON_NAME = "App Icon & Top Shelf Image";
				ASSETCATALOG_COMPILER_GLOBAL_ACCENT_COLOR_NAME = AccentColor;
				CODE_SIGN_STYLE = Automatic;
				DEVELOPMENT_ASSET_PATHS = "\"ToastUISample-tvOS/Preview Content\"";
				DEVELOPMENT_TEAM = A469LS65YX;
				ENABLE_PREVIEWS = YES;
				INFOPLIST_FILE = "ToastUISample-tvOS/Info.plist";
				LD_RUNPATH_SEARCH_PATHS = (
					"$(inherited)",
					"@executable_path/Frameworks",
				);
				PRODUCT_BUNDLE_IDENTIFIER = "com.quanshousio.ToastUISample-tvOS";
				PRODUCT_NAME = "$(TARGET_NAME)";
				SDKROOT = appletvos;
				SWIFT_VERSION = 5.0;
				TARGETED_DEVICE_FAMILY = 3;
				TVOS_DEPLOYMENT_TARGET = 13.0;
			};
			name = Debug;
		};
		337A108824CAC97A00362CBE /* Release */ = {
			isa = XCBuildConfiguration;
			buildSettings = {
				ASSETCATALOG_COMPILER_APPICON_NAME = "App Icon & Top Shelf Image";
				ASSETCATALOG_COMPILER_GLOBAL_ACCENT_COLOR_NAME = AccentColor;
				CODE_SIGN_STYLE = Automatic;
				DEVELOPMENT_ASSET_PATHS = "\"ToastUISample-tvOS/Preview Content\"";
				DEVELOPMENT_TEAM = A469LS65YX;
				ENABLE_PREVIEWS = YES;
				INFOPLIST_FILE = "ToastUISample-tvOS/Info.plist";
				LD_RUNPATH_SEARCH_PATHS = (
					"$(inherited)",
					"@executable_path/Frameworks",
				);
				PRODUCT_BUNDLE_IDENTIFIER = "com.quanshousio.ToastUISample-tvOS";
				PRODUCT_NAME = "$(TARGET_NAME)";
				SDKROOT = appletvos;
				SWIFT_VERSION = 5.0;
				TARGETED_DEVICE_FAMILY = 3;
				TVOS_DEPLOYMENT_TARGET = 13.0;
			};
			name = Release;
		};
		337A109F24CAC99F00362CBE /* Debug */ = {
			isa = XCBuildConfiguration;
			buildSettings = {
				ASSETCATALOG_COMPILER_APPICON_NAME = AppIcon;
				ASSETCATALOG_COMPILER_GLOBAL_ACCENT_COLOR_NAME = AccentColor;
				CODE_SIGN_ENTITLEMENTS = "ToastUISample-iOS/ToastUISample-iOS.entitlements";
				CODE_SIGN_STYLE = Automatic;
				DEVELOPMENT_ASSET_PATHS = "\"ToastUISample-iOS/Preview Content\"";
				DEVELOPMENT_TEAM = A469LS65YX;
				ENABLE_PREVIEWS = YES;
				INFOPLIST_FILE = "ToastUISample-iOS/Info.plist";
				IPHONEOS_DEPLOYMENT_TARGET = 13.0;
				LD_RUNPATH_SEARCH_PATHS = (
					"$(inherited)",
					"@executable_path/Frameworks",
				);
				PRODUCT_BUNDLE_IDENTIFIER = "com.quanshousio.ToastUISample-iOS";
				PRODUCT_NAME = "$(TARGET_NAME)";
				SUPPORTS_MACCATALYST = YES;
				SWIFT_VERSION = 5.0;
				TARGETED_DEVICE_FAMILY = "1,2";
			};
			name = Debug;
		};
		337A10A024CAC99F00362CBE /* Release */ = {
			isa = XCBuildConfiguration;
			buildSettings = {
				ASSETCATALOG_COMPILER_APPICON_NAME = AppIcon;
				ASSETCATALOG_COMPILER_GLOBAL_ACCENT_COLOR_NAME = AccentColor;
				CODE_SIGN_ENTITLEMENTS = "ToastUISample-iOS/ToastUISample-iOS.entitlements";
				CODE_SIGN_STYLE = Automatic;
				DEVELOPMENT_ASSET_PATHS = "\"ToastUISample-iOS/Preview Content\"";
				DEVELOPMENT_TEAM = A469LS65YX;
				ENABLE_PREVIEWS = YES;
				INFOPLIST_FILE = "ToastUISample-iOS/Info.plist";
				IPHONEOS_DEPLOYMENT_TARGET = 13.0;
				LD_RUNPATH_SEARCH_PATHS = (
					"$(inherited)",
					"@executable_path/Frameworks",
				);
				PRODUCT_BUNDLE_IDENTIFIER = "com.quanshousio.ToastUISample-iOS";
				PRODUCT_NAME = "$(TARGET_NAME)";
				SUPPORTS_MACCATALYST = YES;
				SWIFT_VERSION = 5.0;
				TARGETED_DEVICE_FAMILY = "1,2";
			};
			name = Release;
		};
/* End XCBuildConfiguration section */

/* Begin XCConfigurationList section */
		337A102E24CAC3D200362CBE /* Build configuration list for PBXProject "ToastUISample" */ = {
			isa = XCConfigurationList;
			buildConfigurations = (
				337A104524CAC3D200362CBE /* Debug */,
				337A104624CAC3D200362CBE /* Release */,
			);
			defaultConfigurationIsVisible = 0;
			defaultConfigurationName = Release;
		};
		337A108624CAC97A00362CBE /* Build configuration list for PBXNativeTarget "ToastUISample-tvOS" */ = {
			isa = XCConfigurationList;
			buildConfigurations = (
				337A108724CAC97A00362CBE /* Debug */,
				337A108824CAC97A00362CBE /* Release */,
			);
			defaultConfigurationIsVisible = 0;
			defaultConfigurationName = Release;
		};
		337A109E24CAC99F00362CBE /* Build configuration list for PBXNativeTarget "ToastUISample-iOS" */ = {
			isa = XCConfigurationList;
			buildConfigurations = (
				337A109F24CAC99F00362CBE /* Debug */,
				337A10A024CAC99F00362CBE /* Release */,
			);
			defaultConfigurationIsVisible = 0;
			defaultConfigurationName = Release;
		};
/* End XCConfigurationList section */

/* Begin XCSwiftPackageProductDependency section */
		337A10A924CACACF00362CBE /* ToastUI */ = {
			isa = XCSwiftPackageProductDependency;
			productName = ToastUI;
		};
		337A10AB24CACAD800362CBE /* ToastUI */ = {
			isa = XCSwiftPackageProductDependency;
			productName = ToastUI;
		};
/* End XCSwiftPackageProductDependency section */
	};
	rootObject = 337A102B24CAC3D200362CBE /* Project object */;
}
